
Microsoft Visual Studio Solution File, Format Version 12.00
# Visual Studio Version 17
VisualStudioVersion = 17.5.33414.496
MinimumVisualStudioVersion = 10.0.40219.1
Project("{FAE04EC0-301F-11D3-BF4B-00C04F79EFBC}") = "FitnessTracker", "FitnessTracker\FitnessTracker.csproj", "{E28BA822-C849-4BDD-88D3-49C2FD3B4353}"
EndProject
Global
	GlobalSection(SolutionConfigurationPlatforms) = preSolution
		Debug|Any CPU = Debug|Any CPU
		Release|Any CPU = Release|Any CPU
	EndGlobalSection
	GlobalSection(ProjectConfigurationPlatforms) = postSolution
		{E28BA822-C849-4BDD-88D3-49C2FD3B4353}.Debug|Any CPU.ActiveCfg = Debug|Any CPU
		{E28BA822-C849-4BDD-88D3-49C2FD3B4353}.Debug|Any CPU.Build.0 = Debug|Any CPU
		{E28BA822-C849-4BDD-88D3-49C2FD3B4353}.Release|Any CPU.ActiveCfg = Release|Any CPU
		{E28BA822-C849-4BDD-88D3-49C2FD3B4353}.Release|Any CPU.Build.0 = Release|Any CPU
	EndGlobalSection
	GlobalSection(SolutionProperties) = preSolution
		HideSolutionNode = FALSE
	EndGlobalSection
	GlobalSection(ExtensibilityGlobals) = postSolution
		SolutionGuid = {413EE388-F321-4659-A436-D19D41C59D24}
	EndGlobalSection
EndGlobal
